// !$*UTF8*$!
{
	archiveVersion = 1;
	classes = {
	};
	objectVersion = 46;
	objects = {

/* Begin PBXBuildFile section */
		3F4B68C91EBB9BA800040728 /* AppDelegate.swift in Sources */ = {isa = PBXBuildFile; fileRef = 3F4B68C81EBB9BA800040728 /* AppDelegate.swift */; };
		3F4B68CB1EBB9BA800040728 /* ViewController.swift in Sources */ = {isa = PBXBuildFile; fileRef = 3F4B68CA1EBB9BA800040728 /* ViewController.swift */; };
		3F4B68CE1EBB9BA800040728 /* Main.storyboard in Resources */ = {isa = PBXBuildFile; fileRef = 3F4B68CC1EBB9BA800040728 /* Main.storyboard */; };
		3F4B68D01EBB9BA800040728 /* Assets.xcassets in Resources */ = {isa = PBXBuildFile; fileRef = 3F4B68CF1EBB9BA800040728 /* Assets.xcassets */; };
		3F4B68D31EBB9BA800040728 /* LaunchScreen.storyboard in Resources */ = {isa = PBXBuildFile; fileRef = 3F4B68D11EBB9BA800040728 /* LaunchScreen.storyboard */; };
		3F4B68DB1EBBA44B00040728 /* UnitConverter.swift in Sources */ = {isa = PBXBuildFile; fileRef = 3F4B68DA1EBBA44B00040728 /* UnitConverter.swift */; };
		3F4B68DD1EBBA4EC00040728 /* TemperatureRange.swift in Sources */ = {isa = PBXBuildFile; fileRef = 3F4B68DC1EBBA4EC00040728 /* TemperatureRange.swift */; };
/* End PBXBuildFile section */

/* Begin PBXFileReference section */
		3F4B68C51EBB9BA800040728 /* UnitConverter.app */ = {isa = PBXFileReference; explicitFileType = wrapper.application; includeInIndex = 0; path = UnitConverter.app; sourceTree = BUILT_PRODUCTS_DIR; };
		3F4B68C81EBB9BA800040728 /* AppDelegate.swift */ = {isa = PBXFileReference; lastKnownFileType = sourcecode.swift; path = AppDelegate.swift; sourceTree = "<group>"; };
		3F4B68CA1EBB9BA800040728 /* ViewController.swift */ = {isa = PBXFileReference; lastKnownFileType = sourcecode.swift; path = ViewController.swift; sourceTree = "<group>"; };
		3F4B68CD1EBB9BA800040728 /* Base */ = {isa = PBXFileReference; lastKnownFileType = file.storyboard; name = Base; path = Base.lproj/Main.storyboard; sourceTree = "<group>"; };
		3F4B68CF1EBB9BA800040728 /* Assets.xcassets */ = {isa = PBXFileReference; lastKnownFileType = folder.assetcatalog; path = Assets.xcassets; sourceTree = "<group>"; };
		3F4B68D21EBB9BA800040728 /* Base */ = {isa = PBXFileReference; lastKnownFileType = file.storyboard; name = Base; path = Base.lproj/LaunchScreen.storyboard; sourceTree = "<group>"; };
		3F4B68D41EBB9BA800040728 /* Info.plist */ = {isa = PBXFileReference; lastKnownFileType = text.plist.xml; path = Info.plist; sourceTree = "<group>"; };
		3F4B68DA1EBBA44B00040728 /* UnitConverter.swift */ = {isa = PBXFileReference; fileEncoding = 4; lastKnownFileType = sourcecode.swift; path = UnitConverter.swift; sourceTree = "<group>"; };
		3F4B68DC1EBBA4EC00040728 /* TemperatureRange.swift */ = {isa = PBXFileReference; fileEncoding = 4; lastKnownFileType = sourcecode.swift; path = TemperatureRange.swift; sourceTree = "<group>"; };
/* End PBXFileReference section */

/* Begin PBXFrameworksBuildPhase section */
		3F4B68C21EBB9BA800040728 /* Frameworks */ = {
			isa = PBXFrameworksBuildPhase;
			buildActionMask = 2147483647;
			files = (
			);
			runOnlyForDeploymentPostprocessing = 0;
		};
/* End PBXFrameworksBuildPhase section */

/* Begin PBXGroup section */
		3F4B68BC1EBB9BA800040728 = {
			isa = PBXGroup;
			children = (
				3F4B68C71EBB9BA800040728 /* UnitConverter */,
				3F4B68C61EBB9BA800040728 /* Products */,
			);
			sourceTree = "<group>";
		};
		3F4B68C61EBB9BA800040728 /* Products */ = {
			isa = PBXGroup;
			children = (
				3F4B68C51EBB9BA800040728 /* UnitConverter.app */,
			);
			name = Products;
			sourceTree = "<group>";
		};
		3F4B68C71EBB9BA800040728 /* UnitConverter */ = {
			isa = PBXGroup;
			children = (
				3F4B68C81EBB9BA800040728 /* AppDelegate.swift */,
				3F4B68CA1EBB9BA800040728 /* ViewController.swift */,
				3F4B68DA1EBBA44B00040728 /* UnitConverter.swift */,
				3F4B68DC1EBBA4EC00040728 /* TemperatureRange.swift */,
				3F4B68CC1EBB9BA800040728 /* Main.storyboard */,
				3F4B68CF1EBB9BA800040728 /* Assets.xcassets */,
				3F4B68D11EBB9BA800040728 /* LaunchScreen.storyboard */,
				3F4B68D41EBB9BA800040728 /* Info.plist */,
			);
			path = UnitConverter;
			sourceTree = "<group>";
		};
/* End PBXGroup section */

/* Begin PBXNativeTarget section */
		3F4B68C41EBB9BA800040728 /* UnitConverter */ = {
			isa = PBXNativeTarget;
			buildConfigurationList = 3F4B68D71EBB9BA800040728 /* Build configuration list for PBXNativeTarget "UnitConverter" */;
			buildPhases = (
				3F4B68C11EBB9BA800040728 /* Sources */,
				3F4B68C21EBB9BA800040728 /* Frameworks */,
				3F4B68C31EBB9BA800040728 /* Resources */,
			);
			buildRules = (
			);
			dependencies = (
			);
			name = UnitConverter;
			productName = UnitConverter;
			productReference = 3F4B68C51EBB9BA800040728 /* UnitConverter.app */;
			productType = "com.apple.product-type.application";
		};
/* End PBXNativeTarget section */

/* Begin PBXProject section */
		3F4B68BD1EBB9BA800040728 /* Project object */ = {
			isa = PBXProject;
			attributes = {
				LastSwiftUpdateCheck = 0820;
				LastUpgradeCheck = 0820;
				ORGANIZATIONNAME = Student;
				TargetAttributes = {
					3F4B68C41EBB9BA800040728 = {
						CreatedOnToolsVersion = 8.2;
						ProvisioningStyle = Automatic;
					};
				};
			};
			buildConfigurationList = 3F4B68C01EBB9BA800040728 /* Build configuration list for PBXProject "UnitConverter" */;
			compatibilityVersion = "Xcode 3.2";
			developmentRegion = English;
			hasScannedForEncodings = 0;
			knownRegions = (
				en,
				Base,
			);
			mainGroup = 3F4B68BC1EBB9BA800040728;
			productRefGroup = 3F4B68C61EBB9BA800040728 /* Products */;
			projectDirPath = "";
			projectRoot = "";
			targets = (
				3F4B68C41EBB9BA800040728 /* UnitConverter */,
			);
		};
/* End PBXProject section */

/* Begin PBXResourcesBuildPhase section */
		3F4B68C31EBB9BA800040728 /* Resources */ = {
			isa = PBXResourcesBuildPhase;
			buildActionMask = 2147483647;
			files = (
				3F4B68D31EBB9BA800040728 /* LaunchScreen.storyboard in Resources */,
				3F4B68D01EBB9BA800040728 /* Assets.xcassets in Resources */,
				3F4B68CE1EBB9BA800040728 /* Main.storyboard in Resources */,
			);
			runOnlyForDeploymentPostprocessing = 0;
		};
/* End PBXResourcesBuildPhase section */

/* Begin PBXSourcesBuildPhase section */
		3F4B68C11EBB9BA800040728 /* Sources */ = {
			isa = PBXSourcesBuildPhase;
			buildActionMask = 2147483647;
			files = (
				3F4B68DD1EBBA4EC00040728 /* TemperatureRange.swift in Sources */,
				3F4B68DB1EBBA44B00040728 /* UnitConverter.swift in Sources */,
				3F4B68CB1EBB9BA800040728 /* ViewController.swift in Sources */,
				3F4B68C91EBB9BA800040728 /* AppDelegate.swift in Sources */,
			);
			runOnlyForDeploymentPostprocessing = 0;
		};
/* End PBXSourcesBuildPhase section */

/* Begin PBXVariantGroup section */
		3F4B68CC1EBB9BA800040728 /* Main.storyboard */ = {
			isa = PBXVariantGroup;
			children = (
				3F4B68CD1EBB9BA800040728 /* Base */,
			);
			name = Main.storyboard;
			sourceTree = "<group>";
		};
		3F4B68D11EBB9BA800040728 /* LaunchScreen.storyboard */ = {
			isa = PBXVariantGroup;
			children = (
				3F4B68D21EBB9BA800040728 /* Base */,
			);
			name = LaunchScreen.storyboard;
			sourceTree = "<group>";
		};
/* End PBXVariantGroup section */

/* Begin XCBuildConfiguration section */
		3F4B68D51EBB9BA800040728 /* Debug */ = {
			isa = XCBuildConfiguration;
			buildSettings = {
				ALWAYS_SEARCH_USER_PATHS = NO;
				CLANG_ANALYZER_NONNULL = YES;
				CLANG_CXX_LANGUAGE_STANDARD = "gnu++0x";
				CLANG_CXX_LIBRARY = "libc++";
				CLANG_ENABLE_MODULES = YES;
				CLANG_ENABLE_OBJC_ARC = YES;
				CLANG_WARN_BOOL_CONVERSION = YES;
				CLANG_WARN_CONSTANT_CONVERSION = YES;
				CLANG_WARN_DIRECT_OBJC_ISA_USAGE = YES_ERROR;
				CLANG_WARN_DOCUMENTATION_COMMENTS = YES;
				CLANG_WARN_EMPTY_BODY = YES;
				CLANG_WARN_ENUM_CONVERSION = YES;
				CLANG_WARN_INFINITE_RECURSION = YES;
				CLANG_WARN_INT_CONVERSION = YES;
				CLANG_WARN_OBJC_ROOT_CLASS = YES_ERROR;
				CLANG_WARN_SUSPICIOUS_MOVE = YES;
				CLANG_WARN_UNREACHABLE_CODE = YES;
				CLANG_WARN__DUPLICATE_METHOD_MATCH = YES;
				"CODE_SIGN_IDENTITY[sdk=iphoneos*]" = "iPhone Developer";
				COPY_PHASE_STRIP = NO;
				DEBUG_INFORMATION_FORMAT = dwarf;
				ENABLE_STRICT_OBJC_MSGSEND = YES;
				ENABLE_TESTABILITY = YES;
				GCC_C_LANGUAGE_STANDARD = gnu99;
				GCC_DYNAMIC_NO_PIC = NO;
				GCC_NO_COMMON_BLOCKS = YES;
				GCC_OPTIMIZATION_LEVEL = 0;
				GCC_PREPROCESSOR_DEFINITIONS = (
					"DEBUG=1",
					"$(inherited)",
				);
				GCC_WARN_64_TO_32_BIT_CONVERSION = YES;
				GCC_WARN_ABOUT_RETURN_TYPE = YES_ERROR;
				GCC_WARN_UNDECLARED_SELECTOR = YES;
				GCC_WARN_UNINITIALIZED_AUTOS = YES_AGGRESSIVE;
				GCC_WARN_UNUSED_FUNCTION = YES;
				GCC_WARN_UNUSED_VARIABLE = YES;
				IPHONEOS_DEPLOYMENT_TARGET = 10.2;
				MTL_ENABLE_DEBUG_INFO = YES;
				ONLY_ACTIVE_ARCH = YES;
				SDKROOT = iphoneos;
				SWIFT_ACTIVE_COMPILATION_CONDITIONS = DEBUG;
				SWIFT_OPTIMIZATION_LEVEL = "-Onone";
			};
			name = Debug;
		};
		3F4B68D61EBB9BA800040728 /* Release */ = {
			isa = XCBuildConfiguration;
			buildSettings = {
				ALWAYS_SEARCH_USER_PATHS = NO;
				CLANG_ANALYZER_NONNULL = YES;
				CLANG_CXX_LANGUAGE_STANDARD = "gnu++0x";
				CLANG_CXX_LIBRARY = "libc++";
				CLANG_ENABLE_MODULES = YES;
				CLANG_ENABLE_OBJC_ARC = YES;
				CLANG_WARN_BOOL_CONVERSION = YES;
				CLANG_WARN_CONSTANT_CONVERSION = YES;
				CLANG_WARN_DIRECT_OBJC_ISA_USAGE = YES_ERROR;
				CLANG_WARN_DOCUMENTATION_COMMENTS = YES;
				CLANG_WARN_EMPTY_BODY = YES;
				CLANG_WARN_ENUM_CONVERSION = YES;
				CLANG_WARN_INFINITE_RECURSION = YES;
				CLANG_WARN_INT_CONVERSION = YES;
				CLANG_WARN_OBJC_ROOT_CLASS = YES_ERROR;
				CLANG_WARN_SUSPICIOUS_MOVE = YES;
				CLANG_WARN_UNREACHABLE_CODE = YES;
				CLANG_WARN__DUPLICATE_METHOD_MATCH = YES;
				"CODE_SIGN_IDENTITY[sdk=iphoneos*]" = "iPhone Developer";
				COPY_PHASE_STRIP = NO;
				DEBUG_INFORMATION_FORMAT = "dwarf-with-dsym";
				ENABLE_NS_ASSERTIONS = NO;
				ENABLE_STRICT_OBJC_MSGSEND = YES;
				GCC_C_LANGUAGE_STANDARD = gnu99;
				GCC_NO_COMMON_BLOCKS = YES;
				GCC_WARN_64_TO_32_BIT_CONVERSION = YES;
				GCC_WARN_ABOUT_RETURN_TYPE = YES_ERROR;
				GCC_WARN_UNDECLARED_SELECTOR = YES;
				GCC_WARN_UNINITIALIZED_AUTOS = YES_AGGRESSIVE;
				GCC_WARN_UNUSED_FUNCTION = YES;
				GCC_WARN_UNUSED_VARIABLE = YES;
				IPHONEOS_DEPLOYMENT_TARGET = 10.2;
				MTL_ENABLE_DEBUG_INFO = NO;
				SDKROOT = iphoneos;
				SWIFT_OPTIMIZATION_LEVEL = "-Owholemodule";
				VALIDATE_PRODUCT = YES;
			};
			name = Release;
		};
		3F4B68D81EBB9BA800040728 /* Debug */ = {
			isa = XCBuildConfiguration;
			buildSettings = {
				ASSETCATALOG_COMPILER_APPICON_NAME = AppIcon;
				INFOPLIST_FILE = UnitConverter/Info.plist;
				LD_RUNPATH_SEARCH_PATHS = "$(inherited) @executable_path/Frameworks";
				PRODUCT_BUNDLE_IDENTIFIER = edu.macomb.UnitConverter;
				PRODUCT_NAME = "$(TARGET_NAME)";
				SWIFT_VERSION = 3.0;
			};
			name = Debug;
		};
		3F4B68D91EBB9BA800040728 /* Release */ = {
			isa = XCBuildConfiguration;
			buildSettings = {
				ASSETCATALOG_COMPILER_APPICON_NAME = AppIcon;
				INFOPLIST_FILE = UnitConverter/Info.plist;
				LD_RUNPATH_SEARCH_PATHS = "$(inherited) @executable_path/Frameworks";
				PRODUCT_BUNDLE_IDENTIFIER = edu.macomb.UnitConverter;
				PRODUCT_NAME = "$(TARGET_NAME)";
				SWIFT_VERSION = 3.0;
			};
			name = Release;
		};
/* End XCBuildConfiguration section */

/* Begin XCConfigurationList section */
		3F4B68C01EBB9BA800040728 /* Build configuration list for PBXProject "UnitConverter" */ = {
			isa = XCConfigurationList;
			buildConfigurations = (
				3F4B68D51EBB9BA800040728 /* Debug */,
				3F4B68D61EBB9BA800040728 /* Release */,
			);
			defaultConfigurationIsVisible = 0;
			defaultConfigurationName = Release;
		};
		3F4B68D71EBB9BA800040728 /* Build configuration list for PBXNativeTarget "UnitConverter" */ = {
			isa = XCConfigurationList;
			buildConfigurations = (
				3F4B68D81EBB9BA800040728 /* Debug */,
				3F4B68D91EBB9BA800040728 /* Release */,
			);
			defaultConfigurationIsVisible = 0;
		};
/* End XCConfigurationList section */
	};
	rootObject = 3F4B68BD1EBB9BA800040728 /* Project object */;
}
