// !$*UTF8*$!
{
	archiveVersion = 1;
	classes = {
	};
	objectVersion = 46;
	objects = {

/* Begin PBXBuildFile section */
		3FA160161E96B3F300A12BCB /* AppDelegate.swift in Sources */ = {isa = PBXBuildFile; fileRef = 3FA160151E96B3F300A12BCB /* AppDelegate.swift */; };
		3FA160181E96B3F300A12BCB /* ViewController.swift in Sources */ = {isa = PBXBuildFile; fileRef = 3FA160171E96B3F300A12BCB /* ViewController.swift */; };
		3FA1601B1E96B3F300A12BCB /* Main.storyboard in Resources */ = {isa = PBXBuildFile; fileRef = 3FA160191E96B3F300A12BCB /* Main.storyboard */; };
		3FA1601D1E96B3F300A12BCB /* Assets.xcassets in Resources */ = {isa = PBXBuildFile; fileRef = 3FA1601C1E96B3F300A12BCB /* Assets.xcassets */; };
		3FA160201E96B3F300A12BCB /* LaunchScreen.storyboard in Resources */ = {isa = PBXBuildFile; fileRef = 3FA1601E1E96B3F300A12BCB /* LaunchScreen.storyboard */; };
/* End PBXBuildFile section */

/* Begin PBXFileReference section */
		3FA160121E96B3F300A12BCB /* WordCollage.app */ = {isa = PBXFileReference; explicitFileType = wrapper.application; includeInIndex = 0; path = WordCollage.app; sourceTree = BUILT_PRODUCTS_DIR; };
		3FA160151E96B3F300A12BCB /* AppDelegate.swift */ = {isa = PBXFileReference; lastKnownFileType = sourcecode.swift; path = AppDelegate.swift; sourceTree = "<group>"; };
		3FA160171E96B3F300A12BCB /* ViewController.swift */ = {isa = PBXFileReference; lastKnownFileType = sourcecode.swift; path = ViewController.swift; sourceTree = "<group>"; };
		3FA1601A1E96B3F300A12BCB /* Base */ = {isa = PBXFileReference; lastKnownFileType = file.storyboard; name = Base; path = Base.lproj/Main.storyboard; sourceTree = "<group>"; };
		3FA1601C1E96B3F300A12BCB /* Assets.xcassets */ = {isa = PBXFileReference; lastKnownFileType = folder.assetcatalog; path = Assets.xcassets; sourceTree = "<group>"; };
		3FA1601F1E96B3F300A12BCB /* Base */ = {isa = PBXFileReference; lastKnownFileType = file.storyboard; name = Base; path = Base.lproj/LaunchScreen.storyboard; sourceTree = "<group>"; };
		3FA160211E96B3F300A12BCB /* Info.plist */ = {isa = PBXFileReference; lastKnownFileType = text.plist.xml; path = Info.plist; sourceTree = "<group>"; };
/* End PBXFileReference section */

/* Begin PBXFrameworksBuildPhase section */
		3FA1600F1E96B3F300A12BCB /* Frameworks */ = {
			isa = PBXFrameworksBuildPhase;
			buildActionMask = 2147483647;
			files = (
			);
			runOnlyForDeploymentPostprocessing = 0;
		};
/* End PBXFrameworksBuildPhase section */

/* Begin PBXGroup section */
		3FA160091E96B3F300A12BCB = {
			isa = PBXGroup;
			children = (
				3FA160141E96B3F300A12BCB /* WordCollage */,
				3FA160131E96B3F300A12BCB /* Products */,
			);
			sourceTree = "<group>";
		};
		3FA160131E96B3F300A12BCB /* Products */ = {
			isa = PBXGroup;
			children = (
				3FA160121E96B3F300A12BCB /* WordCollage.app */,
			);
			name = Products;
			sourceTree = "<group>";
		};
		3FA160141E96B3F300A12BCB /* WordCollage */ = {
			isa = PBXGroup;
			children = (
				3FA160151E96B3F300A12BCB /* AppDelegate.swift */,
				3FA160171E96B3F300A12BCB /* ViewController.swift */,
				3FA160191E96B3F300A12BCB /* Main.storyboard */,
				3FA1601C1E96B3F300A12BCB /* Assets.xcassets */,
				3FA1601E1E96B3F300A12BCB /* LaunchScreen.storyboard */,
				3FA160211E96B3F300A12BCB /* Info.plist */,
			);
			path = WordCollage;
			sourceTree = "<group>";
		};
/* End PBXGroup section */

/* Begin PBXNativeTarget section */
		3FA160111E96B3F300A12BCB /* WordCollage */ = {
			isa = PBXNativeTarget;
			buildConfigurationList = 3FA160241E96B3F300A12BCB /* Build configuration list for PBXNativeTarget "WordCollage" */;
			buildPhases = (
				3FA1600E1E96B3F300A12BCB /* Sources */,
				3FA1600F1E96B3F300A12BCB /* Frameworks */,
				3FA160101E96B3F300A12BCB /* Resources */,
			);
			buildRules = (
			);
			dependencies = (
			);
			name = WordCollage;
			productName = WordCollage;
			productReference = 3FA160121E96B3F300A12BCB /* WordCollage.app */;
			productType = "com.apple.product-type.application";
		};
/* End PBXNativeTarget section */

/* Begin PBXProject section */
		3FA1600A1E96B3F300A12BCB /* Project object */ = {
			isa = PBXProject;
			attributes = {
				LastSwiftUpdateCheck = 0820;
				LastUpgradeCheck = 0820;
				ORGANIZATIONNAME = Student;
				TargetAttributes = {
					3FA160111E96B3F300A12BCB = {
						CreatedOnToolsVersion = 8.2;
						ProvisioningStyle = Automatic;
					};
				};
			};
			buildConfigurationList = 3FA1600D1E96B3F300A12BCB /* Build configuration list for PBXProject "WordCollage" */;
			compatibilityVersion = "Xcode 3.2";
			developmentRegion = English;
			hasScannedForEncodings = 0;
			knownRegions = (
				en,
				Base,
			);
			mainGroup = 3FA160091E96B3F300A12BCB;
			productRefGroup = 3FA160131E96B3F300A12BCB /* Products */;
			projectDirPath = "";
			projectRoot = "";
			targets = (
				3FA160111E96B3F300A12BCB /* WordCollage */,
			);
		};
/* End PBXProject section */

/* Begin PBXResourcesBuildPhase section */
		3FA160101E96B3F300A12BCB /* Resources */ = {
			isa = PBXResourcesBuildPhase;
			buildActionMask = 2147483647;
			files = (
				3FA160201E96B3F300A12BCB /* LaunchScreen.storyboard in Resources */,
				3FA1601D1E96B3F300A12BCB /* Assets.xcassets in Resources */,
				3FA1601B1E96B3F300A12BCB /* Main.storyboard in Resources */,
			);
			runOnlyForDeploymentPostprocessing = 0;
		};
/* End PBXResourcesBuildPhase section */

/* Begin PBXSourcesBuildPhase section */
		3FA1600E1E96B3F300A12BCB /* Sources */ = {
			isa = PBXSourcesBuildPhase;
			buildActionMask = 2147483647;
			files = (
				3FA160181E96B3F300A12BCB /* ViewController.swift in Sources */,
				3FA160161E96B3F300A12BCB /* AppDelegate.swift in Sources */,
			);
			runOnlyForDeploymentPostprocessing = 0;
		};
/* End PBXSourcesBuildPhase section */

/* Begin PBXVariantGroup section */
		3FA160191E96B3F300A12BCB /* Main.storyboard */ = {
			isa = PBXVariantGroup;
			children = (
				3FA1601A1E96B3F300A12BCB /* Base */,
			);
			name = Main.storyboard;
			sourceTree = "<group>";
		};
		3FA1601E1E96B3F300A12BCB /* LaunchScreen.storyboard */ = {
			isa = PBXVariantGroup;
			children = (
				3FA1601F1E96B3F300A12BCB /* Base */,
			);
			name = LaunchScreen.storyboard;
			sourceTree = "<group>";
		};
/* End PBXVariantGroup section */

/* Begin XCBuildConfiguration section */
		3FA160221E96B3F300A12BCB /* Debug */ = {
			isa = XCBuildConfiguration;
			buildSettings = {
				ALWAYS_SEARCH_USER_PATHS = NO;
				CLANG_ANALYZER_NONNULL = YES;
				CLANG_CXX_LANGUAGE_STANDARD = "gnu++0x";
				CLANG_CXX_LIBRARY = "libc++";
				CLANG_ENABLE_MODULES = YES;
				CLANG_ENABLE_OBJC_ARC = YES;
				CLANG_WARN_BOOL_CONVERSION = YES;
				CLANG_WARN_CONSTANT_CONVERSION = YES;
				CLANG_WARN_DIRECT_OBJC_ISA_USAGE = YES_ERROR;
				CLANG_WARN_DOCUMENTATION_COMMENTS = YES;
				CLANG_WARN_EMPTY_BODY = YES;
				CLANG_WARN_ENUM_CONVERSION = YES;
				CLANG_WARN_INFINITE_RECURSION = YES;
				CLANG_WARN_INT_CONVERSION = YES;
				CLANG_WARN_OBJC_ROOT_CLASS = YES_ERROR;
				CLANG_WARN_SUSPICIOUS_MOVE = YES;
				CLANG_WARN_UNREACHABLE_CODE = YES;
				CLANG_WARN__DUPLICATE_METHOD_MATCH = YES;
				"CODE_SIGN_IDENTITY[sdk=iphoneos*]" = "iPhone Developer";
				COPY_PHASE_STRIP = NO;
				DEBUG_INFORMATION_FORMAT = dwarf;
				ENABLE_STRICT_OBJC_MSGSEND = YES;
				ENABLE_TESTABILITY = YES;
				GCC_C_LANGUAGE_STANDARD = gnu99;
				GCC_DYNAMIC_NO_PIC = NO;
				GCC_NO_COMMON_BLOCKS = YES;
				GCC_OPTIMIZATION_LEVEL = 0;
				GCC_PREPROCESSOR_DEFINITIONS = (
					"DEBUG=1",
					"$(inherited)",
				);
				GCC_WARN_64_TO_32_BIT_CONVERSION = YES;
				GCC_WARN_ABOUT_RETURN_TYPE = YES_ERROR;
				GCC_WARN_UNDECLARED_SELECTOR = YES;
				GCC_WARN_UNINITIALIZED_AUTOS = YES_AGGRESSIVE;
				GCC_WARN_UNUSED_FUNCTION = YES;
				GCC_WARN_UNUSED_VARIABLE = YES;
				IPHONEOS_DEPLOYMENT_TARGET = 10.2;
				MTL_ENABLE_DEBUG_INFO = YES;
				ONLY_ACTIVE_ARCH = YES;
				SDKROOT = iphoneos;
				SWIFT_ACTIVE_COMPILATION_CONDITIONS = DEBUG;
				SWIFT_OPTIMIZATION_LEVEL = "-Onone";
			};
			name = Debug;
		};
		3FA160231E96B3F300A12BCB /* Release */ = {
			isa = XCBuildConfiguration;
			buildSettings = {
				ALWAYS_SEARCH_USER_PATHS = NO;
				CLANG_ANALYZER_NONNULL = YES;
				CLANG_CXX_LANGUAGE_STANDARD = "gnu++0x";
				CLANG_CXX_LIBRARY = "libc++";
				CLANG_ENABLE_MODULES = YES;
				CLANG_ENABLE_OBJC_ARC = YES;
				CLANG_WARN_BOOL_CONVERSION = YES;
				CLANG_WARN_CONSTANT_CONVERSION = YES;
				CLANG_WARN_DIRECT_OBJC_ISA_USAGE = YES_ERROR;
				CLANG_WARN_DOCUMENTATION_COMMENTS = YES;
				CLANG_WARN_EMPTY_BODY = YES;
				CLANG_WARN_ENUM_CONVERSION = YES;
				CLANG_WARN_INFINITE_RECURSION = YES;
				CLANG_WARN_INT_CONVERSION = YES;
				CLANG_WARN_OBJC_ROOT_CLASS = YES_ERROR;
				CLANG_WARN_SUSPICIOUS_MOVE = YES;
				CLANG_WARN_UNREACHABLE_CODE = YES;
				CLANG_WARN__DUPLICATE_METHOD_MATCH = YES;
				"CODE_SIGN_IDENTITY[sdk=iphoneos*]" = "iPhone Developer";
				COPY_PHASE_STRIP = NO;
				DEBUG_INFORMATION_FORMAT = "dwarf-with-dsym";
				ENABLE_NS_ASSERTIONS = NO;
				ENABLE_STRICT_OBJC_MSGSEND = YES;
				GCC_C_LANGUAGE_STANDARD = gnu99;
				GCC_NO_COMMON_BLOCKS = YES;
				GCC_WARN_64_TO_32_BIT_CONVERSION = YES;
				GCC_WARN_ABOUT_RETURN_TYPE = YES_ERROR;
				GCC_WARN_UNDECLARED_SELECTOR = YES;
				GCC_WARN_UNINITIALIZED_AUTOS = YES_AGGRESSIVE;
				GCC_WARN_UNUSED_FUNCTION = YES;
				GCC_WARN_UNUSED_VARIABLE = YES;
				IPHONEOS_DEPLOYMENT_TARGET = 10.2;
				MTL_ENABLE_DEBUG_INFO = NO;
				SDKROOT = iphoneos;
				SWIFT_OPTIMIZATION_LEVEL = "-Owholemodule";
				VALIDATE_PRODUCT = YES;
			};
			name = Release;
		};
		3FA160251E96B3F300A12BCB /* Debug */ = {
			isa = XCBuildConfiguration;
			buildSettings = {
				ASSETCATALOG_COMPILER_APPICON_NAME = AppIcon;
				INFOPLIST_FILE = WordCollage/Info.plist;
				LD_RUNPATH_SEARCH_PATHS = "$(inherited) @executable_path/Frameworks";
				PRODUCT_BUNDLE_IDENTIFIER = edu.macomb.WordCollage;
				PRODUCT_NAME = "$(TARGET_NAME)";
				SWIFT_VERSION = 3.0;
			};
			name = Debug;
		};
		3FA160261E96B3F300A12BCB /* Release */ = {
			isa = XCBuildConfiguration;
			buildSettings = {
				ASSETCATALOG_COMPILER_APPICON_NAME = AppIcon;
				INFOPLIST_FILE = WordCollage/Info.plist;
				LD_RUNPATH_SEARCH_PATHS = "$(inherited) @executable_path/Frameworks";
				PRODUCT_BUNDLE_IDENTIFIER = edu.macomb.WordCollage;
				PRODUCT_NAME = "$(TARGET_NAME)";
				SWIFT_VERSION = 3.0;
			};
			name = Release;
		};
/* End XCBuildConfiguration section */

/* Begin XCConfigurationList section */
		3FA1600D1E96B3F300A12BCB /* Build configuration list for PBXProject "WordCollage" */ = {
			isa = XCConfigurationList;
			buildConfigurations = (
				3FA160221E96B3F300A12BCB /* Debug */,
				3FA160231E96B3F300A12BCB /* Release */,
			);
			defaultConfigurationIsVisible = 0;
			defaultConfigurationName = Release;
		};
		3FA160241E96B3F300A12BCB /* Build configuration list for PBXNativeTarget "WordCollage" */ = {
			isa = XCConfigurationList;
			buildConfigurations = (
				3FA160251E96B3F300A12BCB /* Debug */,
				3FA160261E96B3F300A12BCB /* Release */,
			);
			defaultConfigurationIsVisible = 0;
		};
/* End XCConfigurationList section */
	};
	rootObject = 3FA1600A1E96B3F300A12BCB /* Project object */;
}
